
Microsoft Visual Studio Solution File, Format Version 12.00
# Visual Studio 2012
Project("{FAE04EC0-301F-11D3-BF4B-00C04F79EFBC}") = "Internal Server", "Internal Server\Internal Server.csproj", "{45D4223F-088C-4E47-AFEE-DB1CED02A3D5}"
EndProject
Project("{FAE04EC0-301F-11D3-BF4B-00C04F79EFBC}") = "Forms Client", "Forms Client\Forms Client.csproj", "{ACEB518C-B304-44C3-858B-9D7C9AC8FF5C}"
EndProject
Project("{FAE04EC0-301F-11D3-BF4B-00C04F79EFBC}") = "TCP Shared", "TCP Shared\TCP Shared.csproj", "{911DD4CC-603D-45A5-98FA-699A186BDCF3}"
EndProject
Project("{FAE04EC0-301F-11D3-BF4B-00C04F79EFBC}") = "Web Forms Client", "Web Forms Client\Web Forms Client.csproj", "{9069E993-B73E-4DC9-A7F9-1992A9605E3E}"
Project("{FAE04EC0-301F-11D3-BF4B-00C04F79EFBC}") = "Web Server", "Web Server\Web Server.csproj", "{B0973147-273F-4620-B090-026AD503CA98}"
EndProject
Global
	GlobalSection(SolutionConfigurationPlatforms) = preSolution
		Debug|Any CPU = Debug|Any CPU
		Release|Any CPU = Release|Any CPU
	EndGlobalSection
	GlobalSection(ProjectConfigurationPlatforms) = postSolution
		{45D4223F-088C-4E47-AFEE-DB1CED02A3D5}.Debug|Any CPU.ActiveCfg = Debug|Any CPU
		{45D4223F-088C-4E47-AFEE-DB1CED02A3D5}.Debug|Any CPU.Build.0 = Debug|Any CPU
		{45D4223F-088C-4E47-AFEE-DB1CED02A3D5}.Release|Any CPU.ActiveCfg = Release|Any CPU
		{45D4223F-088C-4E47-AFEE-DB1CED02A3D5}.Release|Any CPU.Build.0 = Release|Any CPU
		{ACEB518C-B304-44C3-858B-9D7C9AC8FF5C}.Debug|Any CPU.ActiveCfg = Debug|Any CPU
		{ACEB518C-B304-44C3-858B-9D7C9AC8FF5C}.Debug|Any CPU.Build.0 = Debug|Any CPU
		{ACEB518C-B304-44C3-858B-9D7C9AC8FF5C}.Release|Any CPU.ActiveCfg = Release|Any CPU
		{ACEB518C-B304-44C3-858B-9D7C9AC8FF5C}.Release|Any CPU.Build.0 = Release|Any CPU
		{911DD4CC-603D-45A5-98FA-699A186BDCF3}.Debug|Any CPU.ActiveCfg = Debug|Any CPU
		{911DD4CC-603D-45A5-98FA-699A186BDCF3}.Debug|Any CPU.Build.0 = Debug|Any CPU
		{911DD4CC-603D-45A5-98FA-699A186BDCF3}.Release|Any CPU.ActiveCfg = Release|Any CPU
		{911DD4CC-603D-45A5-98FA-699A186BDCF3}.Release|Any CPU.Build.0 = Release|Any CPU
		{9069E993-B73E-4DC9-A7F9-1992A9605E3E}.Debug|Any CPU.ActiveCfg = Debug|Any CPU
		{9069E993-B73E-4DC9-A7F9-1992A9605E3E}.Debug|Any CPU.Build.0 = Debug|Any CPU
		{9069E993-B73E-4DC9-A7F9-1992A9605E3E}.Release|Any CPU.ActiveCfg = Release|Any CPU
		{9069E993-B73E-4DC9-A7F9-1992A9605E3E}.Release|Any CPU.Build.0 = Release|Any CPU
		{B0973147-273F-4620-B090-026AD503CA98}.Debug|Any CPU.ActiveCfg = Debug|Any CPU
		{B0973147-273F-4620-B090-026AD503CA98}.Debug|Any CPU.Build.0 = Debug|Any CPU
		{B0973147-273F-4620-B090-026AD503CA98}.Release|Any CPU.ActiveCfg = Release|Any CPU
		{B0973147-273F-4620-B090-026AD503CA98}.Release|Any CPU.Build.0 = Release|Any CPU
	EndGlobalSection
	GlobalSection(SolutionProperties) = preSolution
		HideSolutionNode = FALSE
	EndGlobalSection
EndGlobal
